// !$*UTF8*$!
{
	archiveVersion = 1;
	classes = {
	};
	objectVersion = 55;
	objects = {

/* Begin PBXBuildFile section */
		D111E1A827E87302001C23E2 /* AppDelegate.swift in Sources */ = {isa = PBXBuildFile; fileRef = D111E1A727E87302001C23E2 /* AppDelegate.swift */; };
		D111E1AA27E87302001C23E2 /* SceneDelegate.swift in Sources */ = {isa = PBXBuildFile; fileRef = D111E1A927E87302001C23E2 /* SceneDelegate.swift */; };
		D111E1AF27E87302001C23E2 /* Main.storyboard in Resources */ = {isa = PBXBuildFile; fileRef = D111E1AD27E87302001C23E2 /* Main.storyboard */; };
		D111E1B127E87303001C23E2 /* Assets.xcassets in Resources */ = {isa = PBXBuildFile; fileRef = D111E1B027E87303001C23E2 /* Assets.xcassets */; };
		D111E1B427E87303001C23E2 /* LaunchScreen.storyboard in Resources */ = {isa = PBXBuildFile; fileRef = D111E1B227E87303001C23E2 /* LaunchScreen.storyboard */; };
		D111E1C027E874C4001C23E2 /* NetworkServices.swift in Sources */ = {isa = PBXBuildFile; fileRef = D111E1BF27E874C4001C23E2 /* NetworkServices.swift */; };
		D111E1C227E877DD001C23E2 /* Constants.swift in Sources */ = {isa = PBXBuildFile; fileRef = D111E1C127E877DD001C23E2 /* Constants.swift */; };
		D111E1C427E87B3D001C23E2 /* FakeAPIResponse.swift in Sources */ = {isa = PBXBuildFile; fileRef = D111E1C327E87B3D001C23E2 /* FakeAPIResponse.swift */; };
		D111E1C627E87B86001C23E2 /* Rating.swift in Sources */ = {isa = PBXBuildFile; fileRef = D111E1C527E87B86001C23E2 /* Rating.swift */; };
		D111E1C927E88062001C23E2 /* ProductsPageViewController.swift in Sources */ = {isa = PBXBuildFile; fileRef = D111E1C827E88062001C23E2 /* ProductsPageViewController.swift */; };
		D111E1CE27E9B57B001C23E2 /* ImageCollectionViewCell.swift in Sources */ = {isa = PBXBuildFile; fileRef = D111E1CC27E9B57B001C23E2 /* ImageCollectionViewCell.swift */; };
		D111E1CF27E9B57B001C23E2 /* ImageCollectionViewCell.xib in Resources */ = {isa = PBXBuildFile; fileRef = D111E1CD27E9B57B001C23E2 /* ImageCollectionViewCell.xib */; };
		D111E1D327E9B77D001C23E2 /* CategoriesCollectionViewCell.swift in Sources */ = {isa = PBXBuildFile; fileRef = D111E1D127E9B77D001C23E2 /* CategoriesCollectionViewCell.swift */; };
		D111E1D427E9B77D001C23E2 /* CategoriesCollectionViewCell.xib in Resources */ = {isa = PBXBuildFile; fileRef = D111E1D227E9B77D001C23E2 /* CategoriesCollectionViewCell.xib */; };
		D111E1D927E9D1E9001C23E2 /* CollectionViewModel.swift in Sources */ = {isa = PBXBuildFile; fileRef = D111E1D827E9D1E9001C23E2 /* CollectionViewModel.swift */; };
/* End PBXBuildFile section */

/* Begin PBXFileReference section */
		D111E1A427E87302001C23E2 /* FakeStoreAPI.app */ = {isa = PBXFileReference; explicitFileType = wrapper.application; includeInIndex = 0; path = FakeStoreAPI.app; sourceTree = BUILT_PRODUCTS_DIR; };
		D111E1A727E87302001C23E2 /* AppDelegate.swift */ = {isa = PBXFileReference; lastKnownFileType = sourcecode.swift; path = AppDelegate.swift; sourceTree = "<group>"; };
		D111E1A927E87302001C23E2 /* SceneDelegate.swift */ = {isa = PBXFileReference; lastKnownFileType = sourcecode.swift; path = SceneDelegate.swift; sourceTree = "<group>"; };
		D111E1AE27E87302001C23E2 /* Base */ = {isa = PBXFileReference; lastKnownFileType = file.storyboard; name = Base; path = Base.lproj/Main.storyboard; sourceTree = "<group>"; };
		D111E1B027E87303001C23E2 /* Assets.xcassets */ = {isa = PBXFileReference; lastKnownFileType = folder.assetcatalog; path = Assets.xcassets; sourceTree = "<group>"; };
		D111E1B327E87303001C23E2 /* Base */ = {isa = PBXFileReference; lastKnownFileType = file.storyboard; name = Base; path = Base.lproj/LaunchScreen.storyboard; sourceTree = "<group>"; };
		D111E1B527E87303001C23E2 /* Info.plist */ = {isa = PBXFileReference; lastKnownFileType = text.plist.xml; path = Info.plist; sourceTree = "<group>"; };
		D111E1BF27E874C4001C23E2 /* NetworkServices.swift */ = {isa = PBXFileReference; lastKnownFileType = sourcecode.swift; path = NetworkServices.swift; sourceTree = "<group>"; };
		D111E1C127E877DD001C23E2 /* Constants.swift */ = {isa = PBXFileReference; lastKnownFileType = sourcecode.swift; path = Constants.swift; sourceTree = "<group>"; };
		D111E1C327E87B3D001C23E2 /* FakeAPIResponse.swift */ = {isa = PBXFileReference; lastKnownFileType = sourcecode.swift; path = FakeAPIResponse.swift; sourceTree = "<group>"; };
		D111E1C527E87B86001C23E2 /* Rating.swift */ = {isa = PBXFileReference; lastKnownFileType = sourcecode.swift; path = Rating.swift; sourceTree = "<group>"; };
		D111E1C827E88062001C23E2 /* ProductsPageViewController.swift */ = {isa = PBXFileReference; lastKnownFileType = sourcecode.swift; path = ProductsPageViewController.swift; sourceTree = "<group>"; };
		D111E1CC27E9B57B001C23E2 /* ImageCollectionViewCell.swift */ = {isa = PBXFileReference; lastKnownFileType = sourcecode.swift; path = ImageCollectionViewCell.swift; sourceTree = "<group>"; };
		D111E1CD27E9B57B001C23E2 /* ImageCollectionViewCell.xib */ = {isa = PBXFileReference; lastKnownFileType = file.xib; path = ImageCollectionViewCell.xib; sourceTree = "<group>"; };
		D111E1D127E9B77D001C23E2 /* CategoriesCollectionViewCell.swift */ = {isa = PBXFileReference; lastKnownFileType = sourcecode.swift; path = CategoriesCollectionViewCell.swift; sourceTree = "<group>"; };
		D111E1D227E9B77D001C23E2 /* CategoriesCollectionViewCell.xib */ = {isa = PBXFileReference; lastKnownFileType = file.xib; path = CategoriesCollectionViewCell.xib; sourceTree = "<group>"; };
		D111E1D827E9D1E9001C23E2 /* CollectionViewModel.swift */ = {isa = PBXFileReference; lastKnownFileType = sourcecode.swift; path = CollectionViewModel.swift; sourceTree = "<group>"; };
/* End PBXFileReference section */

/* Begin PBXFrameworksBuildPhase section */
		D111E1A127E87302001C23E2 /* Frameworks */ = {
			isa = PBXFrameworksBuildPhase;
			buildActionMask = 2147483647;
			files = (
			);
			runOnlyForDeploymentPostprocessing = 0;
		};
/* End PBXFrameworksBuildPhase section */

/* Begin PBXGroup section */
		D111E19B27E87301001C23E2 = {
			isa = PBXGroup;
			children = (
				D111E1A627E87302001C23E2 /* FakeStoreAPI */,
				D111E1A527E87302001C23E2 /* Products */,
			);
			sourceTree = "<group>";
		};
		D111E1A527E87302001C23E2 /* Products */ = {
			isa = PBXGroup;
			children = (
				D111E1A427E87302001C23E2 /* FakeStoreAPI.app */,
			);
			name = Products;
			sourceTree = "<group>";
		};
		D111E1A627E87302001C23E2 /* FakeStoreAPI */ = {
			isa = PBXGroup;
			children = (
				D111E1BB27E873EB001C23E2 /* Models */,
				D111E1BD27E873FB001C23E2 /* Scenes */,
				D111E1BE27E8749D001C23E2 /* Services */,
				D111E1D027E9B587001C23E2 /* CollectionCells */,
				D111E1A727E87302001C23E2 /* AppDelegate.swift */,
				D111E1A927E87302001C23E2 /* SceneDelegate.swift */,
				D111E1B027E87303001C23E2 /* Assets.xcassets */,
				D111E1B227E87303001C23E2 /* LaunchScreen.storyboard */,
				D111E1B527E87303001C23E2 /* Info.plist */,
				D111E1C127E877DD001C23E2 /* Constants.swift */,
			);
			path = FakeStoreAPI;
			sourceTree = "<group>";
		};
		D111E1BB27E873EB001C23E2 /* Models */ = {
			isa = PBXGroup;
			children = (
				D111E1D727E9D1CD001C23E2 /* Response Models */,
				D111E1D827E9D1E9001C23E2 /* CollectionViewModel.swift */,
			);
			path = Models;
			sourceTree = "<group>";
		};
		D111E1BD27E873FB001C23E2 /* Scenes */ = {
			isa = PBXGroup;
			children = (
				D111E1C727E88036001C23E2 /* ProductsPage */,
			);
			path = Scenes;
			sourceTree = "<group>";
		};
		D111E1BE27E8749D001C23E2 /* Services */ = {
			isa = PBXGroup;
			children = (
				D111E1BF27E874C4001C23E2 /* NetworkServices.swift */,
			);
			path = Services;
			sourceTree = "<group>";
		};
		D111E1C727E88036001C23E2 /* ProductsPage */ = {
			isa = PBXGroup;
			children = (
				D111E1C827E88062001C23E2 /* ProductsPageViewController.swift */,
				D111E1AD27E87302001C23E2 /* Main.storyboard */,
			);
			path = ProductsPage;
			sourceTree = "<group>";
		};
		D111E1D027E9B587001C23E2 /* CollectionCells */ = {
			isa = PBXGroup;
			children = (
				D111E1D627E9B79D001C23E2 /* CategoriesCollectionViewCell */,
				D111E1D527E9B783001C23E2 /* ImageCollectionViewCell */,
			);
			path = CollectionCells;
			sourceTree = "<group>";
		};
		D111E1D527E9B783001C23E2 /* ImageCollectionViewCell */ = {
			isa = PBXGroup;
			children = (
				D111E1CC27E9B57B001C23E2 /* ImageCollectionViewCell.swift */,
				D111E1CD27E9B57B001C23E2 /* ImageCollectionViewCell.xib */,
			);
			path = ImageCollectionViewCell;
			sourceTree = "<group>";
		};
		D111E1D627E9B79D001C23E2 /* CategoriesCollectionViewCell */ = {
			isa = PBXGroup;
			children = (
				D111E1D127E9B77D001C23E2 /* CategoriesCollectionViewCell.swift */,
				D111E1D227E9B77D001C23E2 /* CategoriesCollectionViewCell.xib */,
			);
			path = CategoriesCollectionViewCell;
			sourceTree = "<group>";
		};
		D111E1D727E9D1CD001C23E2 /* Response Models */ = {
			isa = PBXGroup;
			children = (
				D111E1C327E87B3D001C23E2 /* FakeAPIResponse.swift */,
				D111E1C527E87B86001C23E2 /* Rating.swift */,
			);
			path = "Response Models";
			sourceTree = "<group>";
		};
/* End PBXGroup section */

/* Begin PBXNativeTarget section */
		D111E1A327E87302001C23E2 /* FakeStoreAPI */ = {
			isa = PBXNativeTarget;
			buildConfigurationList = D111E1B827E87303001C23E2 /* Build configuration list for PBXNativeTarget "FakeStoreAPI" */;
			buildPhases = (
				D111E1A027E87302001C23E2 /* Sources */,
				D111E1A127E87302001C23E2 /* Frameworks */,
				D111E1A227E87302001C23E2 /* Resources */,
			);
			buildRules = (
			);
			dependencies = (
			);
			name = FakeStoreAPI;
			productName = FakeStoreAPI;
			productReference = D111E1A427E87302001C23E2 /* FakeStoreAPI.app */;
			productType = "com.apple.product-type.application";
		};
/* End PBXNativeTarget section */

/* Begin PBXProject section */
		D111E19C27E87301001C23E2 /* Project object */ = {
			isa = PBXProject;
			attributes = {
				BuildIndependentTargetsInParallel = 1;
				LastSwiftUpdateCheck = 1320;
				LastUpgradeCheck = 1320;
				TargetAttributes = {
					D111E1A327E87302001C23E2 = {
						CreatedOnToolsVersion = 13.2.1;
					};
				};
			};
			buildConfigurationList = D111E19F27E87301001C23E2 /* Build configuration list for PBXProject "FakeStoreAPI" */;
			compatibilityVersion = "Xcode 13.0";
			developmentRegion = en;
			hasScannedForEncodings = 0;
			knownRegions = (
				en,
				Base,
			);
			mainGroup = D111E19B27E87301001C23E2;
			productRefGroup = D111E1A527E87302001C23E2 /* Products */;
			projectDirPath = "";
			projectRoot = "";
			targets = (
				D111E1A327E87302001C23E2 /* FakeStoreAPI */,
			);
		};
/* End PBXProject section */

/* Begin PBXResourcesBuildPhase section */
		D111E1A227E87302001C23E2 /* Resources */ = {
			isa = PBXResourcesBuildPhase;
			buildActionMask = 2147483647;
			files = (
				D111E1B427E87303001C23E2 /* LaunchScreen.storyboard in Resources */,
				D111E1D427E9B77D001C23E2 /* CategoriesCollectionViewCell.xib in Resources */,
				D111E1B127E87303001C23E2 /* Assets.xcassets in Resources */,
				D111E1CF27E9B57B001C23E2 /* ImageCollectionViewCell.xib in Resources */,
				D111E1AF27E87302001C23E2 /* Main.storyboard in Resources */,
			);
			runOnlyForDeploymentPostprocessing = 0;
		};
/* End PBXResourcesBuildPhase section */

/* Begin PBXSourcesBuildPhase section */
		D111E1A027E87302001C23E2 /* Sources */ = {
			isa = PBXSourcesBuildPhase;
			buildActionMask = 2147483647;
			files = (
				D111E1D327E9B77D001C23E2 /* CategoriesCollectionViewCell.swift in Sources */,
				D111E1C227E877DD001C23E2 /* Constants.swift in Sources */,
				D111E1A827E87302001C23E2 /* AppDelegate.swift in Sources */,
				D111E1CE27E9B57B001C23E2 /* ImageCollectionViewCell.swift in Sources */,
				D111E1D927E9D1E9001C23E2 /* CollectionViewModel.swift in Sources */,
				D111E1C027E874C4001C23E2 /* NetworkServices.swift in Sources */,
				D111E1C427E87B3D001C23E2 /* FakeAPIResponse.swift in Sources */,
				D111E1AA27E87302001C23E2 /* SceneDelegate.swift in Sources */,
				D111E1C927E88062001C23E2 /* ProductsPageViewController.swift in Sources */,
				D111E1C627E87B86001C23E2 /* Rating.swift in Sources */,
			);
			runOnlyForDeploymentPostprocessing = 0;
		};
/* End PBXSourcesBuildPhase section */

/* Begin PBXVariantGroup section */
		D111E1AD27E87302001C23E2 /* Main.storyboard */ = {
			isa = PBXVariantGroup;
			children = (
				D111E1AE27E87302001C23E2 /* Base */,
			);
			name = Main.storyboard;
			sourceTree = "<group>";
		};
		D111E1B227E87303001C23E2 /* LaunchScreen.storyboard */ = {
			isa = PBXVariantGroup;
			children = (
				D111E1B327E87303001C23E2 /* Base */,
			);
			name = LaunchScreen.storyboard;
			sourceTree = "<group>";
		};
/* End PBXVariantGroup section */

/* Begin XCBuildConfiguration section */
		D111E1B627E87303001C23E2 /* Debug */ = {
			isa = XCBuildConfiguration;
			buildSettings = {
				ALWAYS_SEARCH_USER_PATHS = NO;
				CLANG_ANALYZER_NONNULL = YES;
				CLANG_ANALYZER_NUMBER_OBJECT_CONVERSION = YES_AGGRESSIVE;
				CLANG_CXX_LANGUAGE_STANDARD = "gnu++17";
				CLANG_CXX_LIBRARY = "libc++";
				CLANG_ENABLE_MODULES = YES;
				CLANG_ENABLE_OBJC_ARC = YES;
				CLANG_ENABLE_OBJC_WEAK = YES;
				CLANG_WARN_BLOCK_CAPTURE_AUTORELEASING = YES;
				CLANG_WARN_BOOL_CONVERSION = YES;
				CLANG_WARN_COMMA = YES;
				CLANG_WARN_CONSTANT_CONVERSION = YES;
				CLANG_WARN_DEPRECATED_OBJC_IMPLEMENTATIONS = YES;
				CLANG_WARN_DIRECT_OBJC_ISA_USAGE = YES_ERROR;
				CLANG_WARN_DOCUMENTATION_COMMENTS = YES;
				CLANG_WARN_EMPTY_BODY = YES;
				CLANG_WARN_ENUM_CONVERSION = YES;
				CLANG_WARN_INFINITE_RECURSION = YES;
				CLANG_WARN_INT_CONVERSION = YES;
				CLANG_WARN_NON_LITERAL_NULL_CONVERSION = YES;
				CLANG_WARN_OBJC_IMPLICIT_RETAIN_SELF = YES;
				CLANG_WARN_OBJC_LITERAL_CONVERSION = YES;
				CLANG_WARN_OBJC_ROOT_CLASS = YES_ERROR;
				CLANG_WARN_QUOTED_INCLUDE_IN_FRAMEWORK_HEADER = YES;
				CLANG_WARN_RANGE_LOOP_ANALYSIS = YES;
				CLANG_WARN_STRICT_PROTOTYPES = YES;
				CLANG_WARN_SUSPICIOUS_MOVE = YES;
				CLANG_WARN_UNGUARDED_AVAILABILITY = YES_AGGRESSIVE;
				CLANG_WARN_UNREACHABLE_CODE = YES;
				CLANG_WARN__DUPLICATE_METHOD_MATCH = YES;
				COPY_PHASE_STRIP = NO;
				DEBUG_INFORMATION_FORMAT = dwarf;
				ENABLE_STRICT_OBJC_MSGSEND = YES;
				ENABLE_TESTABILITY = YES;
				GCC_C_LANGUAGE_STANDARD = gnu11;
				GCC_DYNAMIC_NO_PIC = NO;
				GCC_NO_COMMON_BLOCKS = YES;
				GCC_OPTIMIZATION_LEVEL = 0;
				GCC_PREPROCESSOR_DEFINITIONS = (
					"DEBUG=1",
					"$(inherited)",
				);
				GCC_WARN_64_TO_32_BIT_CONVERSION = YES;
				GCC_WARN_ABOUT_RETURN_TYPE = YES_ERROR;
				GCC_WARN_UNDECLARED_SELECTOR = YES;
				GCC_WARN_UNINITIALIZED_AUTOS = YES_AGGRESSIVE;
				GCC_WARN_UNUSED_FUNCTION = YES;
				GCC_WARN_UNUSED_VARIABLE = YES;
				IPHONEOS_DEPLOYMENT_TARGET = 15.2;
				MTL_ENABLE_DEBUG_INFO = INCLUDE_SOURCE;
				MTL_FAST_MATH = YES;
				ONLY_ACTIVE_ARCH = YES;
				SDKROOT = iphoneos;
				SWIFT_ACTIVE_COMPILATION_CONDITIONS = DEBUG;
				SWIFT_OPTIMIZATION_LEVEL = "-Onone";
			};
			name = Debug;
		};
		D111E1B727E87303001C23E2 /* Release */ = {
			isa = XCBuildConfiguration;
			buildSettings = {
				ALWAYS_SEARCH_USER_PATHS = NO;
				CLANG_ANALYZER_NONNULL = YES;
				CLANG_ANALYZER_NUMBER_OBJECT_CONVERSION = YES_AGGRESSIVE;
				CLANG_CXX_LANGUAGE_STANDARD = "gnu++17";
				CLANG_CXX_LIBRARY = "libc++";
				CLANG_ENABLE_MODULES = YES;
				CLANG_ENABLE_OBJC_ARC = YES;
				CLANG_ENABLE_OBJC_WEAK = YES;
				CLANG_WARN_BLOCK_CAPTURE_AUTORELEASING = YES;
				CLANG_WARN_BOOL_CONVERSION = YES;
				CLANG_WARN_COMMA = YES;
				CLANG_WARN_CONSTANT_CONVERSION = YES;
				CLANG_WARN_DEPRECATED_OBJC_IMPLEMENTATIONS = YES;
				CLANG_WARN_DIRECT_OBJC_ISA_USAGE = YES_ERROR;
				CLANG_WARN_DOCUMENTATION_COMMENTS = YES;
				CLANG_WARN_EMPTY_BODY = YES;
				CLANG_WARN_ENUM_CONVERSION = YES;
				CLANG_WARN_INFINITE_RECURSION = YES;
				CLANG_WARN_INT_CONVERSION = YES;
				CLANG_WARN_NON_LITERAL_NULL_CONVERSION = YES;
				CLANG_WARN_OBJC_IMPLICIT_RETAIN_SELF = YES;
				CLANG_WARN_OBJC_LITERAL_CONVERSION = YES;
				CLANG_WARN_OBJC_ROOT_CLASS = YES_ERROR;
				CLANG_WARN_QUOTED_INCLUDE_IN_FRAMEWORK_HEADER = YES;
				CLANG_WARN_RANGE_LOOP_ANALYSIS = YES;
				CLANG_WARN_STRICT_PROTOTYPES = YES;
				CLANG_WARN_SUSPICIOUS_MOVE = YES;
				CLANG_WARN_UNGUARDED_AVAILABILITY = YES_AGGRESSIVE;
				CLANG_WARN_UNREACHABLE_CODE = YES;
				CLANG_WARN__DUPLICATE_METHOD_MATCH = YES;
				COPY_PHASE_STRIP = NO;
				DEBUG_INFORMATION_FORMAT = "dwarf-with-dsym";
				ENABLE_NS_ASSERTIONS = NO;
				ENABLE_STRICT_OBJC_MSGSEND = YES;
				GCC_C_LANGUAGE_STANDARD = gnu11;
				GCC_NO_COMMON_BLOCKS = YES;
				GCC_WARN_64_TO_32_BIT_CONVERSION = YES;
				GCC_WARN_ABOUT_RETURN_TYPE = YES_ERROR;
				GCC_WARN_UNDECLARED_SELECTOR = YES;
				GCC_WARN_UNINITIALIZED_AUTOS = YES_AGGRESSIVE;
				GCC_WARN_UNUSED_FUNCTION = YES;
				GCC_WARN_UNUSED_VARIABLE = YES;
				IPHONEOS_DEPLOYMENT_TARGET = 15.2;
				MTL_ENABLE_DEBUG_INFO = NO;
				MTL_FAST_MATH = YES;
				SDKROOT = iphoneos;
				SWIFT_COMPILATION_MODE = wholemodule;
				SWIFT_OPTIMIZATION_LEVEL = "-O";
				VALIDATE_PRODUCT = YES;
			};
			name = Release;
		};
		D111E1B927E87303001C23E2 /* Debug */ = {
			isa = XCBuildConfiguration;
			buildSettings = {
				ASSETCATALOG_COMPILER_APPICON_NAME = AppIcon;
				ASSETCATALOG_COMPILER_GLOBAL_ACCENT_COLOR_NAME = AccentColor;
				CODE_SIGN_STYLE = Automatic;
				CURRENT_PROJECT_VERSION = 1;
				DEVELOPMENT_TEAM = N9KA4ZJ6RM;
				GENERATE_INFOPLIST_FILE = YES;
				INFOPLIST_FILE = FakeStoreAPI/Info.plist;
				INFOPLIST_KEY_UIApplicationSupportsIndirectInputEvents = YES;
				INFOPLIST_KEY_UILaunchStoryboardName = LaunchScreen;
				INFOPLIST_KEY_UIMainStoryboardFile = Main;
				INFOPLIST_KEY_UISupportedInterfaceOrientations_iPad = "UIInterfaceOrientationPortrait UIInterfaceOrientationPortraitUpsideDown UIInterfaceOrientationLandscapeLeft UIInterfaceOrientationLandscapeRight";
				INFOPLIST_KEY_UISupportedInterfaceOrientations_iPhone = "UIInterfaceOrientationPortrait UIInterfaceOrientationLandscapeLeft UIInterfaceOrientationLandscapeRight";
				LD_RUNPATH_SEARCH_PATHS = (
					"$(inherited)",
					"@executable_path/Frameworks",
				);
				MARKETING_VERSION = 1.0;
				PRODUCT_BUNDLE_IDENTIFIER = com.alpagoemre.FakeStoreAPI;
				PRODUCT_NAME = "$(TARGET_NAME)";
				SWIFT_EMIT_LOC_STRINGS = YES;
				SWIFT_VERSION = 5.0;
				TARGETED_DEVICE_FAMILY = "1,2";
			};
			name = Debug;
		};
		D111E1BA27E87303001C23E2 /* Release */ = {
			isa = XCBuildConfiguration;
			buildSettings = {
				ASSETCATALOG_COMPILER_APPICON_NAME = AppIcon;
				ASSETCATALOG_COMPILER_GLOBAL_ACCENT_COLOR_NAME = AccentColor;
				CODE_SIGN_STYLE = Automatic;
				CURRENT_PROJECT_VERSION = 1;
				DEVELOPMENT_TEAM = N9KA4ZJ6RM;
				GENERATE_INFOPLIST_FILE = YES;
				INFOPLIST_FILE = FakeStoreAPI/Info.plist;
				INFOPLIST_KEY_UIApplicationSupportsIndirectInputEvents = YES;
				INFOPLIST_KEY_UILaunchStoryboardName = LaunchScreen;
				INFOPLIST_KEY_UIMainStoryboardFile = Main;
				INFOPLIST_KEY_UISupportedInterfaceOrientations_iPad = "UIInterfaceOrientationPortrait UIInterfaceOrientationPortraitUpsideDown UIInterfaceOrientationLandscapeLeft UIInterfaceOrientationLandscapeRight";
				INFOPLIST_KEY_UISupportedInterfaceOrientations_iPhone = "UIInterfaceOrientationPortrait UIInterfaceOrientationLandscapeLeft UIInterfaceOrientationLandscapeRight";
				LD_RUNPATH_SEARCH_PATHS = (
					"$(inherited)",
					"@executable_path/Frameworks",
				);
				MARKETING_VERSION = 1.0;
				PRODUCT_BUNDLE_IDENTIFIER = com.alpagoemre.FakeStoreAPI;
				PRODUCT_NAME = "$(TARGET_NAME)";
				SWIFT_EMIT_LOC_STRINGS = YES;
				SWIFT_VERSION = 5.0;
				TARGETED_DEVICE_FAMILY = "1,2";
			};
			name = Release;
		};
/* End XCBuildConfiguration section */

/* Begin XCConfigurationList section */
		D111E19F27E87301001C23E2 /* Build configuration list for PBXProject "FakeStoreAPI" */ = {
			isa = XCConfigurationList;
			buildConfigurations = (
				D111E1B627E87303001C23E2 /* Debug */,
				D111E1B727E87303001C23E2 /* Release */,
			);
			defaultConfigurationIsVisible = 0;
			defaultConfigurationName = Release;
		};
		D111E1B827E87303001C23E2 /* Build configuration list for PBXNativeTarget "FakeStoreAPI" */ = {
			isa = XCConfigurationList;
			buildConfigurations = (
				D111E1B927E87303001C23E2 /* Debug */,
				D111E1BA27E87303001C23E2 /* Release */,
			);
			defaultConfigurationIsVisible = 0;
			defaultConfigurationName = Release;
		};
/* End XCConfigurationList section */
	};
	rootObject = D111E19C27E87301001C23E2 /* Project object */;
}
